
Microsoft Visual Studio Solution File, Format Version 12.00
# Visual Studio Version 17
VisualStudioVersion = 17.8.34330.188
MinimumVisualStudioVersion = 10.0.40219.1
Project("{FAE04EC0-301F-11D3-BF4B-00C04F79EFBC}") = "GoogleMapTestAutomation", "GoogleMapTestAutomation.csproj", "{FB069FB5-7FA2-4445-8243-15AAE774E606}"
EndProject
Global
	GlobalSection(SolutionConfigurationPlatforms) = preSolution
		Debug|Any CPU = Debug|Any CPU
		Release|Any CPU = Release|Any CPU
	EndGlobalSection
	GlobalSection(ProjectConfigurationPlatforms) = postSolution
		{FB069FB5-7FA2-4445-8243-15AAE774E606}.Debug|Any CPU.ActiveCfg = Debug|Any CPU
		{FB069FB5-7FA2-4445-8243-15AAE774E606}.Debug|Any CPU.Build.0 = Debug|Any CPU
		{FB069FB5-7FA2-4445-8243-15AAE774E606}.Release|Any CPU.ActiveCfg = Release|Any CPU
		{FB069FB5-7FA2-4445-8243-15AAE774E606}.Release|Any CPU.Build.0 = Release|Any CPU
	EndGlobalSection
	GlobalSection(SolutionProperties) = preSolution
		HideSolutionNode = FALSE
	EndGlobalSection
	GlobalSection(ExtensibilityGlobals) = postSolution
		SolutionGuid = {8C9DEDFF-7695-47A9-B118-C1EB1880A229}
	EndGlobalSection
EndGlobal
